
Microsoft Visual Studio Solution File, Format Version 12.00
# Visual Studio Version 16
VisualStudioVersion = 16.0.31112.23
MinimumVisualStudioVersion = 10.0.40219.1
Project("{8BC9CEB8-8B4A-11D0-8D11-00A0C91BC942}") = "chatServer2904", "chatServer2904\chatServer2904.vcxproj", "{B2EC24A2-CECA-4ADC-8906-BBC7162ADFEC}"
EndProject
Global
	GlobalSection(SolutionConfigurationPlatforms) = preSolution
		Debug|x64 = Debug|x64
		Debug|x86 = Debug|x86
		Release|x64 = Release|x64
		Release|x86 = Release|x86
	EndGlobalSection
	GlobalSection(ProjectConfigurationPlatforms) = postSolution
		{B2EC24A2-CECA-4ADC-8906-BBC7162ADFEC}.Debug|x64.ActiveCfg = Debug|x64
		{B2EC24A2-CECA-4ADC-8906-BBC7162ADFEC}.Debug|x64.Build.0 = Debug|x64
		{B2EC24A2-CECA-4ADC-8906-BBC7162ADFEC}.Debug|x86.ActiveCfg = Debug|Win32
		{B2EC24A2-CECA-4ADC-8906-BBC7162ADFEC}.Debug|x86.Build.0 = Debug|Win32
		{B2EC24A2-CECA-4ADC-8906-BBC7162ADFEC}.Release|x64.ActiveCfg = Release|x64
		{B2EC24A2-CECA-4ADC-8906-BBC7162ADFEC}.Release|x64.Build.0 = Release|x64
		{B2EC24A2-CECA-4ADC-8906-BBC7162ADFEC}.Release|x86.ActiveCfg = Release|Win32
		{B2EC24A2-CECA-4ADC-8906-BBC7162ADFEC}.Release|x86.Build.0 = Release|Win32
	EndGlobalSection
	GlobalSection(SolutionProperties) = preSolution
		HideSolutionNode = FALSE
	EndGlobalSection
	GlobalSection(ExtensibilityGlobals) = postSolution
		SolutionGuid = {FF83FA83-74A7-445C-9DB4-4D35E123B3EB}
	EndGlobalSection
EndGlobal
